
Microsoft Visual Studio Solution File, Format Version 12.00
# Visual Studio 15
Project("{FAE04EC0-301F-11D3-BF4B-00C04F79EFBC}") = "Assembly-CSharp", "Assembly-CSharp.csproj", "{38455CDA-7459-12A7-3721-B7024D9AFF14}"
EndProject
Project("{FAE04EC0-301F-11D3-BF4B-00C04F79EFBC}") = "Assembly-CSharp-Editor", "Assembly-CSharp-Editor.csproj", "{F8C75453-E073-E490-1811-93E787228860}"
EndProject
Global
	GlobalSection(SolutionConfigurationPlatforms) = preSolution
		Debug|Any CPU = Debug|Any CPU
		Release|Any CPU = Release|Any CPU
	EndGlobalSection
	GlobalSection(ProjectConfigurationPlatforms) = postSolution
		{38455CDA-7459-12A7-3721-B7024D9AFF14}.Debug|Any CPU.ActiveCfg = Debug|Any CPU
		{38455CDA-7459-12A7-3721-B7024D9AFF14}.Debug|Any CPU.Build.0 = Debug|Any CPU
		{38455CDA-7459-12A7-3721-B7024D9AFF14}.Release|Any CPU.ActiveCfg = Release|Any CPU
		{38455CDA-7459-12A7-3721-B7024D9AFF14}.Release|Any CPU.Build.0 = Release|Any CPU
		{F8C75453-E073-E490-1811-93E787228860}.Debug|Any CPU.ActiveCfg = Debug|Any CPU
		{F8C75453-E073-E490-1811-93E787228860}.Debug|Any CPU.Build.0 = Debug|Any CPU
		{F8C75453-E073-E490-1811-93E787228860}.Release|Any CPU.ActiveCfg = Release|Any CPU
		{F8C75453-E073-E490-1811-93E787228860}.Release|Any CPU.Build.0 = Release|Any CPU
	EndGlobalSection
	GlobalSection(SolutionProperties) = preSolution
		HideSolutionNode = FALSE
	EndGlobalSection
EndGlobal
